
Microsoft Visual Studio Solution File, Format Version 12.00
# Visual Studio Version 17
VisualStudioVersion = 17.14.36518.9 d17.14
MinimumVisualStudioVersion = 10.0.40219.1
Project("{FAE04EC0-301F-11D3-BF4B-00C04F79EFBC}") = "ForGeneralTests", "ForGeneralTests.csproj", "{9DAB013B-8D71-4ECE-BDA2-E5ED23F8FEEE}"
EndProject
Global
	GlobalSection(SolutionConfigurationPlatforms) = preSolution
		Debug|Any CPU = Debug|Any CPU
		Release|Any CPU = Release|Any CPU
	EndGlobalSection
	GlobalSection(ProjectConfigurationPlatforms) = postSolution
		{9DAB013B-8D71-4ECE-BDA2-E5ED23F8FEEE}.Debug|Any CPU.ActiveCfg = Debug|Any CPU
		{9DAB013B-8D71-4ECE-BDA2-E5ED23F8FEEE}.Debug|Any CPU.Build.0 = Debug|Any CPU
		{9DAB013B-8D71-4ECE-BDA2-E5ED23F8FEEE}.Release|Any CPU.ActiveCfg = Release|Any CPU
		{9DAB013B-8D71-4ECE-BDA2-E5ED23F8FEEE}.Release|Any CPU.Build.0 = Release|Any CPU
	EndGlobalSection
	GlobalSection(SolutionProperties) = preSolution
		HideSolutionNode = FALSE
	EndGlobalSection
	GlobalSection(ExtensibilityGlobals) = postSolution
		SolutionGuid = {3F988509-4ACA-4ABB-A880-F498562ECB11}
	EndGlobalSection
EndGlobal
